// !$*UTF8*$!
{
	archiveVersion = 1;
	classes = {
	};
	objectVersion = 48;
	objects = {

/* Begin PBXBuildFile section */
		D357FB3F1F9DA274001B14DA /* AppDelegate.swift in Sources */ = {isa = PBXBuildFile; fileRef = D357FB3E1F9DA274001B14DA /* AppDelegate.swift */; };
		D357FB411F9DA274001B14DA /* ViewController.swift in Sources */ = {isa = PBXBuildFile; fileRef = D357FB401F9DA274001B14DA /* ViewController.swift */; };
		D357FB441F9DA275001B14DA /* Main.storyboard in Resources */ = {isa = PBXBuildFile; fileRef = D357FB421F9DA275001B14DA /* Main.storyboard */; };
		D357FB461F9DA275001B14DA /* Assets.xcassets in Resources */ = {isa = PBXBuildFile; fileRef = D357FB451F9DA275001B14DA /* Assets.xcassets */; };
		D357FB491F9DA275001B14DA /* LaunchScreen.storyboard in Resources */ = {isa = PBXBuildFile; fileRef = D357FB471F9DA275001B14DA /* LaunchScreen.storyboard */; };
		D357FB541F9DA275001B14DA /* oddorevenprojectTests.swift in Sources */ = {isa = PBXBuildFile; fileRef = D357FB531F9DA275001B14DA /* oddorevenprojectTests.swift */; };
		D357FB5F1F9DA275001B14DA /* oddorevenprojectUITests.swift in Sources */ = {isa = PBXBuildFile; fileRef = D357FB5E1F9DA275001B14DA /* oddorevenprojectUITests.swift */; };
/* End PBXBuildFile section */

/* Begin PBXContainerItemProxy section */
		D357FB501F9DA275001B14DA /* PBXContainerItemProxy */ = {
			isa = PBXContainerItemProxy;
			containerPortal = D357FB331F9DA274001B14DA /* Project object */;
			proxyType = 1;
			remoteGlobalIDString = D357FB3A1F9DA274001B14DA;
			remoteInfo = oddorevenproject;
		};
		D357FB5B1F9DA275001B14DA /* PBXContainerItemProxy */ = {
			isa = PBXContainerItemProxy;
			containerPortal = D357FB331F9DA274001B14DA /* Project object */;
			proxyType = 1;
			remoteGlobalIDString = D357FB3A1F9DA274001B14DA;
			remoteInfo = oddorevenproject;
		};
/* End PBXContainerItemProxy section */

/* Begin PBXFileReference section */
		D357FB3B1F9DA274001B14DA /* oddorevenproject.app */ = {isa = PBXFileReference; explicitFileType = wrapper.application; includeInIndex = 0; path = oddorevenproject.app; sourceTree = BUILT_PRODUCTS_DIR; };
		D357FB3E1F9DA274001B14DA /* AppDelegate.swift */ = {isa = PBXFileReference; lastKnownFileType = sourcecode.swift; path = AppDelegate.swift; sourceTree = "<group>"; };
		D357FB401F9DA274001B14DA /* ViewController.swift */ = {isa = PBXFileReference; lastKnownFileType = sourcecode.swift; path = ViewController.swift; sourceTree = "<group>"; };
		D357FB431F9DA275001B14DA /* Base */ = {isa = PBXFileReference; lastKnownFileType = file.storyboard; name = Base; path = Base.lproj/Main.storyboard; sourceTree = "<group>"; };
		D357FB451F9DA275001B14DA /* Assets.xcassets */ = {isa = PBXFileReference; lastKnownFileType = folder.assetcatalog; path = Assets.xcassets; sourceTree = "<group>"; };
		D357FB481F9DA275001B14DA /* Base */ = {isa = PBXFileReference; lastKnownFileType = file.storyboard; name = Base; path = Base.lproj/LaunchScreen.storyboard; sourceTree = "<group>"; };
		D357FB4A1F9DA275001B14DA /* Info.plist */ = {isa = PBXFileReference; lastKnownFileType = text.plist.xml; path = Info.plist; sourceTree = "<group>"; };
		D357FB4F1F9DA275001B14DA /* oddorevenprojectTests.xctest */ = {isa = PBXFileReference; explicitFileType = wrapper.cfbundle; includeInIndex = 0; path = oddorevenprojectTests.xctest; sourceTree = BUILT_PRODUCTS_DIR; };
		D357FB531F9DA275001B14DA /* oddorevenprojectTests.swift */ = {isa = PBXFileReference; lastKnownFileType = sourcecode.swift; path = oddorevenprojectTests.swift; sourceTree = "<group>"; };
		D357FB551F9DA275001B14DA /* Info.plist */ = {isa = PBXFileReference; lastKnownFileType = text.plist.xml; path = Info.plist; sourceTree = "<group>"; };
		D357FB5A1F9DA275001B14DA /* oddorevenprojectUITests.xctest */ = {isa = PBXFileReference; explicitFileType = wrapper.cfbundle; includeInIndex = 0; path = oddorevenprojectUITests.xctest; sourceTree = BUILT_PRODUCTS_DIR; };
		D357FB5E1F9DA275001B14DA /* oddorevenprojectUITests.swift */ = {isa = PBXFileReference; lastKnownFileType = sourcecode.swift; path = oddorevenprojectUITests.swift; sourceTree = "<group>"; };
		D357FB601F9DA275001B14DA /* Info.plist */ = {isa = PBXFileReference; lastKnownFileType = text.plist.xml; path = Info.plist; sourceTree = "<group>"; };
/* End PBXFileReference section */

/* Begin PBXFrameworksBuildPhase section */
		D357FB381F9DA274001B14DA /* Frameworks */ = {
			isa = PBXFrameworksBuildPhase;
			buildActionMask = 2147483647;
			files = (
			);
			runOnlyForDeploymentPostprocessing = 0;
		};
		D357FB4C1F9DA275001B14DA /* Frameworks */ = {
			isa = PBXFrameworksBuildPhase;
			buildActionMask = 2147483647;
			files = (
			);
			runOnlyForDeploymentPostprocessing = 0;
		};
		D357FB571F9DA275001B14DA /* Frameworks */ = {
			isa = PBXFrameworksBuildPhase;
			buildActionMask = 2147483647;
			files = (
			);
			runOnlyForDeploymentPostprocessing = 0;
		};
/* End PBXFrameworksBuildPhase section */

/* Begin PBXGroup section */
		D357FB321F9DA274001B14DA = {
			isa = PBXGroup;
			children = (
				D357FB3D1F9DA274001B14DA /* oddorevenproject */,
				D357FB521F9DA275001B14DA /* oddorevenprojectTests */,
				D357FB5D1F9DA275001B14DA /* oddorevenprojectUITests */,
				D357FB3C1F9DA274001B14DA /* Products */,
			);
			sourceTree = "<group>";
		};
		D357FB3C1F9DA274001B14DA /* Products */ = {
			isa = PBXGroup;
			children = (
				D357FB3B1F9DA274001B14DA /* oddorevenproject.app */,
				D357FB4F1F9DA275001B14DA /* oddorevenprojectTests.xctest */,
				D357FB5A1F9DA275001B14DA /* oddorevenprojectUITests.xctest */,
			);
			name = Products;
			sourceTree = "<group>";
		};
		D357FB3D1F9DA274001B14DA /* oddorevenproject */ = {
			isa = PBXGroup;
			children = (
				D357FB3E1F9DA274001B14DA /* AppDelegate.swift */,
				D357FB401F9DA274001B14DA /* ViewController.swift */,
				D357FB421F9DA275001B14DA /* Main.storyboard */,
				D357FB451F9DA275001B14DA /* Assets.xcassets */,
				D357FB471F9DA275001B14DA /* LaunchScreen.storyboard */,
				D357FB4A1F9DA275001B14DA /* Info.plist */,
			);
			path = oddorevenproject;
			sourceTree = "<group>";
		};
		D357FB521F9DA275001B14DA /* oddorevenprojectTests */ = {
			isa = PBXGroup;
			children = (
				D357FB531F9DA275001B14DA /* oddorevenprojectTests.swift */,
				D357FB551F9DA275001B14DA /* Info.plist */,
			);
			path = oddorevenprojectTests;
			sourceTree = "<group>";
		};
		D357FB5D1F9DA275001B14DA /* oddorevenprojectUITests */ = {
			isa = PBXGroup;
			children = (
				D357FB5E1F9DA275001B14DA /* oddorevenprojectUITests.swift */,
				D357FB601F9DA275001B14DA /* Info.plist */,
			);
			path = oddorevenprojectUITests;
			sourceTree = "<group>";
		};
/* End PBXGroup section */

/* Begin PBXNativeTarget section */
		D357FB3A1F9DA274001B14DA /* oddorevenproject */ = {
			isa = PBXNativeTarget;
			buildConfigurationList = D357FB631F9DA275001B14DA /* Build configuration list for PBXNativeTarget "oddorevenproject" */;
			buildPhases = (
				D357FB371F9DA274001B14DA /* Sources */,
				D357FB381F9DA274001B14DA /* Frameworks */,
				D357FB391F9DA274001B14DA /* Resources */,
			);
			buildRules = (
			);
			dependencies = (
			);
			name = oddorevenproject;
			productName = oddorevenproject;
			productReference = D357FB3B1F9DA274001B14DA /* oddorevenproject.app */;
			productType = "com.apple.product-type.application";
		};
		D357FB4E1F9DA275001B14DA /* oddorevenprojectTests */ = {
			isa = PBXNativeTarget;
			buildConfigurationList = D357FB661F9DA275001B14DA /* Build configuration list for PBXNativeTarget "oddorevenprojectTests" */;
			buildPhases = (
				D357FB4B1F9DA275001B14DA /* Sources */,
				D357FB4C1F9DA275001B14DA /* Frameworks */,
				D357FB4D1F9DA275001B14DA /* Resources */,
			);
			buildRules = (
			);
			dependencies = (
				D357FB511F9DA275001B14DA /* PBXTargetDependency */,
			);
			name = oddorevenprojectTests;
			productName = oddorevenprojectTests;
			productReference = D357FB4F1F9DA275001B14DA /* oddorevenprojectTests.xctest */;
			productType = "com.apple.product-type.bundle.unit-test";
		};
		D357FB591F9DA275001B14DA /* oddorevenprojectUITests */ = {
			isa = PBXNativeTarget;
			buildConfigurationList = D357FB691F9DA275001B14DA /* Build configuration list for PBXNativeTarget "oddorevenprojectUITests" */;
			buildPhases = (
				D357FB561F9DA275001B14DA /* Sources */,
				D357FB571F9DA275001B14DA /* Frameworks */,
				D357FB581F9DA275001B14DA /* Resources */,
			);
			buildRules = (
			);
			dependencies = (
				D357FB5C1F9DA275001B14DA /* PBXTargetDependency */,
			);
			name = oddorevenprojectUITests;
			productName = oddorevenprojectUITests;
			productReference = D357FB5A1F9DA275001B14DA /* oddorevenprojectUITests.xctest */;
			productType = "com.apple.product-type.bundle.ui-testing";
		};
/* End PBXNativeTarget section */

/* Begin PBXProject section */
		D357FB331F9DA274001B14DA /* Project object */ = {
			isa = PBXProject;
			attributes = {
				LastSwiftUpdateCheck = 0900;
				LastUpgradeCheck = 0900;
				ORGANIZATIONNAME = yusron;
				TargetAttributes = {
					D357FB3A1F9DA274001B14DA = {
						CreatedOnToolsVersion = 9.0.1;
						ProvisioningStyle = Automatic;
					};
					D357FB4E1F9DA275001B14DA = {
						CreatedOnToolsVersion = 9.0.1;
						ProvisioningStyle = Automatic;
						TestTargetID = D357FB3A1F9DA274001B14DA;
					};
					D357FB591F9DA275001B14DA = {
						CreatedOnToolsVersion = 9.0.1;
						ProvisioningStyle = Automatic;
						TestTargetID = D357FB3A1F9DA274001B14DA;
					};
				};
			};
			buildConfigurationList = D357FB361F9DA274001B14DA /* Build configuration list for PBXProject "oddorevenproject" */;
			compatibilityVersion = "Xcode 8.0";
			developmentRegion = en;
			hasScannedForEncodings = 0;
			knownRegions = (
				en,
				Base,
			);
			mainGroup = D357FB321F9DA274001B14DA;
			productRefGroup = D357FB3C1F9DA274001B14DA /* Products */;
			projectDirPath = "";
			projectRoot = "";
			targets = (
				D357FB3A1F9DA274001B14DA /* oddorevenproject */,
				D357FB4E1F9DA275001B14DA /* oddorevenprojectTests */,
				D357FB591F9DA275001B14DA /* oddorevenprojectUITests */,
			);
		};
/* End PBXProject section */

/* Begin PBXResourcesBuildPhase section */
		D357FB391F9DA274001B14DA /* Resources */ = {
			isa = PBXResourcesBuildPhase;
			buildActionMask = 2147483647;
			files = (
				D357FB491F9DA275001B14DA /* LaunchScreen.storyboard in Resources */,
				D357FB461F9DA275001B14DA /* Assets.xcassets in Resources */,
				D357FB441F9DA275001B14DA /* Main.storyboard in Resources */,
			);
			runOnlyForDeploymentPostprocessing = 0;
		};
		D357FB4D1F9DA275001B14DA /* Resources */ = {
			isa = PBXResourcesBuildPhase;
			buildActionMask = 2147483647;
			files = (
			);
			runOnlyForDeploymentPostprocessing = 0;
		};
		D357FB581F9DA275001B14DA /* Resources */ = {
			isa = PBXResourcesBuildPhase;
			buildActionMask = 2147483647;
			files = (
			);
			runOnlyForDeploymentPostprocessing = 0;
		};
/* End PBXResourcesBuildPhase section */

/* Begin PBXSourcesBuildPhase section */
		D357FB371F9DA274001B14DA /* Sources */ = {
			isa = PBXSourcesBuildPhase;
			buildActionMask = 2147483647;
			files = (
				D357FB411F9DA274001B14DA /* ViewController.swift in Sources */,
				D357FB3F1F9DA274001B14DA /* AppDelegate.swift in Sources */,
			);
			runOnlyForDeploymentPostprocessing = 0;
		};
		D357FB4B1F9DA275001B14DA /* Sources */ = {
			isa = PBXSourcesBuildPhase;
			buildActionMask = 2147483647;
			files = (
				D357FB541F9DA275001B14DA /* oddorevenprojectTests.swift in Sources */,
			);
			runOnlyForDeploymentPostprocessing = 0;
		};
		D357FB561F9DA275001B14DA /* Sources */ = {
			isa = PBXSourcesBuildPhase;
			buildActionMask = 2147483647;
			files = (
				D357FB5F1F9DA275001B14DA /* oddorevenprojectUITests.swift in Sources */,
			);
			runOnlyForDeploymentPostprocessing = 0;
		};
/* End PBXSourcesBuildPhase section */

/* Begin PBXTargetDependency section */
		D357FB511F9DA275001B14DA /* PBXTargetDependency */ = {
			isa = PBXTargetDependency;
			target = D357FB3A1F9DA274001B14DA /* oddorevenproject */;
			targetProxy = D357FB501F9DA275001B14DA /* PBXContainerItemProxy */;
		};
		D357FB5C1F9DA275001B14DA /* PBXTargetDependency */ = {
			isa = PBXTargetDependency;
			target = D357FB3A1F9DA274001B14DA /* oddorevenproject */;
			targetProxy = D357FB5B1F9DA275001B14DA /* PBXContainerItemProxy */;
		};
/* End PBXTargetDependency section */

/* Begin PBXVariantGroup section */
		D357FB421F9DA275001B14DA /* Main.storyboard */ = {
			isa = PBXVariantGroup;
			children = (
				D357FB431F9DA275001B14DA /* Base */,
			);
			name = Main.storyboard;
			sourceTree = "<group>";
		};
		D357FB471F9DA275001B14DA /* LaunchScreen.storyboard */ = {
			isa = PBXVariantGroup;
			children = (
				D357FB481F9DA275001B14DA /* Base */,
			);
			name = LaunchScreen.storyboard;
			sourceTree = "<group>";
		};
/* End PBXVariantGroup section */

/* Begin XCBuildConfiguration section */
		D357FB611F9DA275001B14DA /* Debug */ = {
			isa = XCBuildConfiguration;
			buildSettings = {
				ALWAYS_SEARCH_USER_PATHS = NO;
				CLANG_ANALYZER_NONNULL = YES;
				CLANG_ANALYZER_NUMBER_OBJECT_CONVERSION = YES_AGGRESSIVE;
				CLANG_CXX_LANGUAGE_STANDARD = "gnu++14";
				CLANG_CXX_LIBRARY = "libc++";
				CLANG_ENABLE_MODULES = YES;
				CLANG_ENABLE_OBJC_ARC = YES;
				CLANG_WARN_BLOCK_CAPTURE_AUTORELEASING = YES;
				CLANG_WARN_BOOL_CONVERSION = YES;
				CLANG_WARN_COMMA = YES;
				CLANG_WARN_CONSTANT_CONVERSION = YES;
				CLANG_WARN_DIRECT_OBJC_ISA_USAGE = YES_ERROR;
				CLANG_WARN_DOCUMENTATION_COMMENTS = YES;
				CLANG_WARN_EMPTY_BODY = YES;
				CLANG_WARN_ENUM_CONVERSION = YES;
				CLANG_WARN_INFINITE_RECURSION = YES;
				CLANG_WARN_INT_CONVERSION = YES;
				CLANG_WARN_NON_LITERAL_NULL_CONVERSION = YES;
				CLANG_WARN_OBJC_LITERAL_CONVERSION = YES;
				CLANG_WARN_OBJC_ROOT_CLASS = YES_ERROR;
				CLANG_WARN_RANGE_LOOP_ANALYSIS = YES;
				CLANG_WARN_STRICT_PROTOTYPES = YES;
				CLANG_WARN_SUSPICIOUS_MOVE = YES;
				CLANG_WARN_UNGUARDED_AVAILABILITY = YES_AGGRESSIVE;
				CLANG_WARN_UNREACHABLE_CODE = YES;
				CLANG_WARN__DUPLICATE_METHOD_MATCH = YES;
				CODE_SIGN_IDENTITY = "iPhone Developer";
				COPY_PHASE_STRIP = NO;
				DEBUG_INFORMATION_FORMAT = dwarf;
				ENABLE_STRICT_OBJC_MSGSEND = YES;
				ENABLE_TESTABILITY = YES;
				GCC_C_LANGUAGE_STANDARD = gnu11;
				GCC_DYNAMIC_NO_PIC = NO;
				GCC_NO_COMMON_BLOCKS = YES;
				GCC_OPTIMIZATION_LEVEL = 0;
				GCC_PREPROCESSOR_DEFINITIONS = (
					"DEBUG=1",
					"$(inherited)",
				);
				GCC_WARN_64_TO_32_BIT_CONVERSION = YES;
				GCC_WARN_ABOUT_RETURN_TYPE = YES_ERROR;
				GCC_WARN_UNDECLARED_SELECTOR = YES;
				GCC_WARN_UNINITIALIZED_AUTOS = YES_AGGRESSIVE;
				GCC_WARN_UNUSED_FUNCTION = YES;
				GCC_WARN_UNUSED_VARIABLE = YES;
				IPHONEOS_DEPLOYMENT_TARGET = 11.0;
				MTL_ENABLE_DEBUG_INFO = YES;
				ONLY_ACTIVE_ARCH = YES;
				SDKROOT = iphoneos;
				SWIFT_ACTIVE_COMPILATION_CONDITIONS = DEBUG;
				SWIFT_OPTIMIZATION_LEVEL = "-Onone";
			};
			name = Debug;
		};
		D357FB621F9DA275001B14DA /* Release */ = {
			isa = XCBuildConfiguration;
			buildSettings = {
				ALWAYS_SEARCH_USER_PATHS = NO;
				CLANG_ANALYZER_NONNULL = YES;
				CLANG_ANALYZER_NUMBER_OBJECT_CONVERSION = YES_AGGRESSIVE;
				CLANG_CXX_LANGUAGE_STANDARD = "gnu++14";
				CLANG_CXX_LIBRARY = "libc++";
				CLANG_ENABLE_MODULES = YES;
				CLANG_ENABLE_OBJC_ARC = YES;
				CLANG_WARN_BLOCK_CAPTURE_AUTORELEASING = YES;
				CLANG_WARN_BOOL_CONVERSION = YES;
				CLANG_WARN_COMMA = YES;
				CLANG_WARN_CONSTANT_CONVERSION = YES;
				CLANG_WARN_DIRECT_OBJC_ISA_USAGE = YES_ERROR;
				CLANG_WARN_DOCUMENTATION_COMMENTS = YES;
				CLANG_WARN_EMPTY_BODY = YES;
				CLANG_WARN_ENUM_CONVERSION = YES;
				CLANG_WARN_INFINITE_RECURSION = YES;
				CLANG_WARN_INT_CONVERSION = YES;
				CLANG_WARN_NON_LITERAL_NULL_CONVERSION = YES;
				CLANG_WARN_OBJC_LITERAL_CONVERSION = YES;
				CLANG_WARN_OBJC_ROOT_CLASS = YES_ERROR;
				CLANG_WARN_RANGE_LOOP_ANALYSIS = YES;
				CLANG_WARN_STRICT_PROTOTYPES = YES;
				CLANG_WARN_SUSPICIOUS_MOVE = YES;
				CLANG_WARN_UNGUARDED_AVAILABILITY = YES_AGGRESSIVE;
				CLANG_WARN_UNREACHABLE_CODE = YES;
				CLANG_WARN__DUPLICATE_METHOD_MATCH = YES;
				CODE_SIGN_IDENTITY = "iPhone Developer";
				COPY_PHASE_STRIP = NO;
				DEBUG_INFORMATION_FORMAT = "dwarf-with-dsym";
				ENABLE_NS_ASSERTIONS = NO;
				ENABLE_STRICT_OBJC_MSGSEND = YES;
				GCC_C_LANGUAGE_STANDARD = gnu11;
				GCC_NO_COMMON_BLOCKS = YES;
				GCC_WARN_64_TO_32_BIT_CONVERSION = YES;
				GCC_WARN_ABOUT_RETURN_TYPE = YES_ERROR;
				GCC_WARN_UNDECLARED_SELECTOR = YES;
				GCC_WARN_UNINITIALIZED_AUTOS = YES_AGGRESSIVE;
				GCC_WARN_UNUSED_FUNCTION = YES;
				GCC_WARN_UNUSED_VARIABLE = YES;
				IPHONEOS_DEPLOYMENT_TARGET = 11.0;
				MTL_ENABLE_DEBUG_INFO = NO;
				SDKROOT = iphoneos;
				SWIFT_OPTIMIZATION_LEVEL = "-Owholemodule";
				VALIDATE_PRODUCT = YES;
			};
			name = Release;
		};
		D357FB641F9DA275001B14DA /* Debug */ = {
			isa = XCBuildConfiguration;
			buildSettings = {
				ASSETCATALOG_COMPILER_APPICON_NAME = AppIcon;
				CODE_SIGN_STYLE = Automatic;
				INFOPLIST_FILE = oddorevenproject/Info.plist;
				LD_RUNPATH_SEARCH_PATHS = "$(inherited) @executable_path/Frameworks";
				PRODUCT_BUNDLE_IDENTIFIER = "smk-idn.oddorevenproject";
				PRODUCT_NAME = "$(TARGET_NAME)";
				SWIFT_VERSION = 4.0;
				TARGETED_DEVICE_FAMILY = "1,2";
			};
			name = Debug;
		};
		D357FB651F9DA275001B14DA /* Release */ = {
			isa = XCBuildConfiguration;
			buildSettings = {
				ASSETCATALOG_COMPILER_APPICON_NAME = AppIcon;
				CODE_SIGN_STYLE = Automatic;
				INFOPLIST_FILE = oddorevenproject/Info.plist;
				LD_RUNPATH_SEARCH_PATHS = "$(inherited) @executable_path/Frameworks";
				PRODUCT_BUNDLE_IDENTIFIER = "smk-idn.oddorevenproject";
				PRODUCT_NAME = "$(TARGET_NAME)";
				SWIFT_VERSION = 4.0;
				TARGETED_DEVICE_FAMILY = "1,2";
			};
			name = Release;
		};
		D357FB671F9DA275001B14DA /* Debug */ = {
			isa = XCBuildConfiguration;
			buildSettings = {
				ALWAYS_EMBED_SWIFT_STANDARD_LIBRARIES = YES;
				BUNDLE_LOADER = "$(TEST_HOST)";
				CODE_SIGN_STYLE = Automatic;
				INFOPLIST_FILE = oddorevenprojectTests/Info.plist;
				LD_RUNPATH_SEARCH_PATHS = "$(inherited) @executable_path/Frameworks @loader_path/Frameworks";
				PRODUCT_BUNDLE_IDENTIFIER = "smk-idn.oddorevenprojectTests";
				PRODUCT_NAME = "$(TARGET_NAME)";
				SWIFT_VERSION = 4.0;
				TARGETED_DEVICE_FAMILY = "1,2";
				TEST_HOST = "$(BUILT_PRODUCTS_DIR)/oddorevenproject.app/oddorevenproject";
			};
			name = Debug;
		};
		D357FB681F9DA275001B14DA /* Release */ = {
			isa = XCBuildConfiguration;
			buildSettings = {
				ALWAYS_EMBED_SWIFT_STANDARD_LIBRARIES = YES;
				BUNDLE_LOADER = "$(TEST_HOST)";
				CODE_SIGN_STYLE = Automatic;
				INFOPLIST_FILE = oddorevenprojectTests/Info.plist;
				LD_RUNPATH_SEARCH_PATHS = "$(inherited) @executable_path/Frameworks @loader_path/Frameworks";
				PRODUCT_BUNDLE_IDENTIFIER = "smk-idn.oddorevenprojectTests";
				PRODUCT_NAME = "$(TARGET_NAME)";
				SWIFT_VERSION = 4.0;
				TARGETED_DEVICE_FAMILY = "1,2";
				TEST_HOST = "$(BUILT_PRODUCTS_DIR)/oddorevenproject.app/oddorevenproject";
			};
			name = Release;
		};
		D357FB6A1F9DA275001B14DA /* Debug */ = {
			isa = XCBuildConfiguration;
			buildSettings = {
				ALWAYS_EMBED_SWIFT_STANDARD_LIBRARIES = YES;
				CODE_SIGN_STYLE = Automatic;
				INFOPLIST_FILE = oddorevenprojectUITests/Info.plist;
				LD_RUNPATH_SEARCH_PATHS = "$(inherited) @executable_path/Frameworks @loader_path/Frameworks";
				PRODUCT_BUNDLE_IDENTIFIER = "smk-idn.oddorevenprojectUITests";
				PRODUCT_NAME = "$(TARGET_NAME)";
				SWIFT_VERSION = 4.0;
				TARGETED_DEVICE_FAMILY = "1,2";
				TEST_TARGET_NAME = oddorevenproject;
			};
			name = Debug;
		};
		D357FB6B1F9DA275001B14DA /* Release */ = {
			isa = XCBuildConfiguration;
			buildSettings = {
				ALWAYS_EMBED_SWIFT_STANDARD_LIBRARIES = YES;
				CODE_SIGN_STYLE = Automatic;
				INFOPLIST_FILE = oddorevenprojectUITests/Info.plist;
				LD_RUNPATH_SEARCH_PATHS = "$(inherited) @executable_path/Frameworks @loader_path/Frameworks";
				PRODUCT_BUNDLE_IDENTIFIER = "smk-idn.oddorevenprojectUITests";
				PRODUCT_NAME = "$(TARGET_NAME)";
				SWIFT_VERSION = 4.0;
				TARGETED_DEVICE_FAMILY = "1,2";
				TEST_TARGET_NAME = oddorevenproject;
			};
			name = Release;
		};
/* End XCBuildConfiguration section */

/* Begin XCConfigurationList section */
		D357FB361F9DA274001B14DA /* Build configuration list for PBXProject "oddorevenproject" */ = {
			isa = XCConfigurationList;
			buildConfigurations = (
				D357FB611F9DA275001B14DA /* Debug */,
				D357FB621F9DA275001B14DA /* Release */,
			);
			defaultConfigurationIsVisible = 0;
			defaultConfigurationName = Release;
		};
		D357FB631F9DA275001B14DA /* Build configuration list for PBXNativeTarget "oddorevenproject" */ = {
			isa = XCConfigurationList;
			buildConfigurations = (
				D357FB641F9DA275001B14DA /* Debug */,
				D357FB651F9DA275001B14DA /* Release */,
			);
			defaultConfigurationIsVisible = 0;
			defaultConfigurationName = Release;
		};
		D357FB661F9DA275001B14DA /* Build configuration list for PBXNativeTarget "oddorevenprojectTests" */ = {
			isa = XCConfigurationList;
			buildConfigurations = (
				D357FB671F9DA275001B14DA /* Debug */,
				D357FB681F9DA275001B14DA /* Release */,
			);
			defaultConfigurationIsVisible = 0;
			defaultConfigurationName = Release;
		};
		D357FB691F9DA275001B14DA /* Build configuration list for PBXNativeTarget "oddorevenprojectUITests" */ = {
			isa = XCConfigurationList;
			buildConfigurations = (
				D357FB6A1F9DA275001B14DA /* Debug */,
				D357FB6B1F9DA275001B14DA /* Release */,
			);
			defaultConfigurationIsVisible = 0;
			defaultConfigurationName = Release;
		};
/* End XCConfigurationList section */
	};
	rootObject = D357FB331F9DA274001B14DA /* Project object */;
}
